
Microsoft Visual Studio Solution File, Format Version 12.00
# Visual Studio Version 17
VisualStudioVersion = 17.0.31825.309
MinimumVisualStudioVersion = 10.0.40219.1
Project("{9A19103F-16F7-4668-BE54-9A1E7A4F7556}") = "WebAPI_NET_6", "WebAPI_NET_6\WebAPI_NET_6.csproj", "{C31F921E-C0BD-4D46-808A-09A74444119A}"
EndProject
Global
	GlobalSection(SolutionConfigurationPlatforms) = preSolution
		Debug|Any CPU = Debug|Any CPU
		Release|Any CPU = Release|Any CPU
	EndGlobalSection
	GlobalSection(ProjectConfigurationPlatforms) = postSolution
		{C31F921E-C0BD-4D46-808A-09A74444119A}.Debug|Any CPU.ActiveCfg = Debug|Any CPU
		{C31F921E-C0BD-4D46-808A-09A74444119A}.Debug|Any CPU.Build.0 = Debug|Any CPU
		{C31F921E-C0BD-4D46-808A-09A74444119A}.Release|Any CPU.ActiveCfg = Release|Any CPU
		{C31F921E-C0BD-4D46-808A-09A74444119A}.Release|Any CPU.Build.0 = Release|Any CPU
	EndGlobalSection
	GlobalSection(SolutionProperties) = preSolution
		HideSolutionNode = FALSE
	EndGlobalSection
	GlobalSection(ExtensibilityGlobals) = postSolution
		SolutionGuid = {D3B8CA4C-92FB-4DB3-BF30-D134B27339D0}
	EndGlobalSection
EndGlobal
